
Microsoft Visual Studio Solution File, Format Version 12.00
# Visual Studio Version 16
VisualStudioVersion = 16.0.31105.61
MinimumVisualStudioVersion = 10.0.40219.1
Project("{FAE04EC0-301F-11D3-BF4B-00C04F79EFBC}") = "Project", "Project\Project.csproj", "{343F358E-1A4F-4701-AADB-37DCDA30EFEA}"
EndProject
Global
	GlobalSection(SolutionConfigurationPlatforms) = preSolution
		Debug|Any CPU = Debug|Any CPU
		Release|Any CPU = Release|Any CPU
	EndGlobalSection
	GlobalSection(ProjectConfigurationPlatforms) = postSolution
		{343F358E-1A4F-4701-AADB-37DCDA30EFEA}.Debug|Any CPU.ActiveCfg = Debug|Any CPU
		{343F358E-1A4F-4701-AADB-37DCDA30EFEA}.Debug|Any CPU.Build.0 = Debug|Any CPU
		{343F358E-1A4F-4701-AADB-37DCDA30EFEA}.Release|Any CPU.ActiveCfg = Release|Any CPU
		{343F358E-1A4F-4701-AADB-37DCDA30EFEA}.Release|Any CPU.Build.0 = Release|Any CPU
	EndGlobalSection
	GlobalSection(SolutionProperties) = preSolution
		HideSolutionNode = FALSE
	EndGlobalSection
	GlobalSection(ExtensibilityGlobals) = postSolution
		SolutionGuid = {A817B502-3F0E-4769-A364-A499F39B4337}
	EndGlobalSection
EndGlobal
